
Microsoft Visual Studio Solution File, Format Version 12.00
# Visual Studio 14
VisualStudioVersion = 14.0.25420.1
MinimumVisualStudioVersion = 10.0.40219.1
Project("{FAE04EC0-301F-11D3-BF4B-00C04F79EFBC}") = "CallAPI_TranslateGoogleNihongo", "CallAPI_TranslateGoogleNihongo\CallAPI_TranslateGoogleNihongo.csproj", "{5B880C05-D6AC-4F39-82AD-271FD6A3791C}"
EndProject
Project("{FAE04EC0-301F-11D3-BF4B-00C04F79EFBC}") = "TranslateJPENAssembly", "TranslateJPENAssembly\TranslateJPENAssembly.csproj", "{A6677024-BDE4-4D9D-AE78-362309D4255C}"
EndProject
Global
	GlobalSection(SolutionConfigurationPlatforms) = preSolution
		Debug|Any CPU = Debug|Any CPU
		Release|Any CPU = Release|Any CPU
	EndGlobalSection
	GlobalSection(ProjectConfigurationPlatforms) = postSolution
		{5B880C05-D6AC-4F39-82AD-271FD6A3791C}.Debug|Any CPU.ActiveCfg = Debug|Any CPU
		{5B880C05-D6AC-4F39-82AD-271FD6A3791C}.Debug|Any CPU.Build.0 = Debug|Any CPU
		{5B880C05-D6AC-4F39-82AD-271FD6A3791C}.Release|Any CPU.ActiveCfg = Release|Any CPU
		{5B880C05-D6AC-4F39-82AD-271FD6A3791C}.Release|Any CPU.Build.0 = Release|Any CPU
		{A6677024-BDE4-4D9D-AE78-362309D4255C}.Debug|Any CPU.ActiveCfg = Debug|Any CPU
		{A6677024-BDE4-4D9D-AE78-362309D4255C}.Debug|Any CPU.Build.0 = Debug|Any CPU
		{A6677024-BDE4-4D9D-AE78-362309D4255C}.Release|Any CPU.ActiveCfg = Release|Any CPU
		{A6677024-BDE4-4D9D-AE78-362309D4255C}.Release|Any CPU.Build.0 = Release|Any CPU
	EndGlobalSection
	GlobalSection(SolutionProperties) = preSolution
		HideSolutionNode = FALSE
	EndGlobalSection
EndGlobal
