
Microsoft Visual Studio Solution File, Format Version 12.00
# Visual Studio 14
VisualStudioVersion = 14.0.25420.1
MinimumVisualStudioVersion = 10.0.40219.1
Project("{FAE04EC0-301F-11D3-BF4B-00C04F79EFBC}") = "TestKeyboardHook", "TestKeyboardHook\TestKeyboardHook.csproj", "{53C847C1-74CF-48AB-A2FC-C74BBAFD079F}"
EndProject
Project("{FAE04EC0-301F-11D3-BF4B-00C04F79EFBC}") = "KeyboardHook", "KeyboardHook\KeyboardHook.csproj", "{8BC4CB28-86BC-43F8-92DF-9CB0B4ED7C40}"
EndProject
Global
	GlobalSection(SolutionConfigurationPlatforms) = preSolution
		Debug|Any CPU = Debug|Any CPU
		Release|Any CPU = Release|Any CPU
	EndGlobalSection
	GlobalSection(ProjectConfigurationPlatforms) = postSolution
		{53C847C1-74CF-48AB-A2FC-C74BBAFD079F}.Debug|Any CPU.ActiveCfg = Debug|Any CPU
		{53C847C1-74CF-48AB-A2FC-C74BBAFD079F}.Debug|Any CPU.Build.0 = Debug|Any CPU
		{53C847C1-74CF-48AB-A2FC-C74BBAFD079F}.Release|Any CPU.ActiveCfg = Release|Any CPU
		{53C847C1-74CF-48AB-A2FC-C74BBAFD079F}.Release|Any CPU.Build.0 = Release|Any CPU
		{8BC4CB28-86BC-43F8-92DF-9CB0B4ED7C40}.Debug|Any CPU.ActiveCfg = Debug|Any CPU
		{8BC4CB28-86BC-43F8-92DF-9CB0B4ED7C40}.Debug|Any CPU.Build.0 = Debug|Any CPU
		{8BC4CB28-86BC-43F8-92DF-9CB0B4ED7C40}.Release|Any CPU.ActiveCfg = Release|Any CPU
		{8BC4CB28-86BC-43F8-92DF-9CB0B4ED7C40}.Release|Any CPU.Build.0 = Release|Any CPU
	EndGlobalSection
	GlobalSection(SolutionProperties) = preSolution
		HideSolutionNode = FALSE
	EndGlobalSection
EndGlobal
